{
  "originHash" : "56cb02a59ca9a69b8e3251a65ba412f3a5fe9750223f23389b3820be48dab804",
  "pins" : [
    {
      "identity" : "swiftlyalertmessage",
      "kind" : "remoteSourceControl",
      "location" : "https://github.com/Desbeers/SwiftlyAlertMessage",
      "state" : {
        "branch" : "main",
        "revision" : "fba5deb1e01dcdcd93e6871245fa0a042486c14f"
      }
    }
  ],
  "version" : 3
}
